
Microsoft Visual Studio Solution File, Format Version 12.00
# Visual Studio 15
VisualStudioVersion = 15.0.27428.2002
MinimumVisualStudioVersion = 10.0.40219.1
Project("{FAE04EC0-301F-11D3-BF4B-00C04F79EFBC}") = "ClientCSharp", "ClientCSharp\ClientCSharp.csproj", "{172FF610-239D-459F-B3D3-FA67066388ED}"
EndProject
Project("{FAE04EC0-301F-11D3-BF4B-00C04F79EFBC}") = "ServerCSharp", "ServerCSharp\ServerCSharp.csproj", "{B2A68790-571A-4E91-91C4-FFBE8AEFCC11}"
EndProject
Global
	GlobalSection(SolutionConfigurationPlatforms) = preSolution
		Debug|Any CPU = Debug|Any CPU
		Release|Any CPU = Release|Any CPU
	EndGlobalSection
	GlobalSection(ProjectConfigurationPlatforms) = postSolution
		{172FF610-239D-459F-B3D3-FA67066388ED}.Debug|Any CPU.ActiveCfg = Debug|Any CPU
		{172FF610-239D-459F-B3D3-FA67066388ED}.Debug|Any CPU.Build.0 = Debug|Any CPU
		{172FF610-239D-459F-B3D3-FA67066388ED}.Release|Any CPU.ActiveCfg = Release|Any CPU
		{172FF610-239D-459F-B3D3-FA67066388ED}.Release|Any CPU.Build.0 = Release|Any CPU
		{B2A68790-571A-4E91-91C4-FFBE8AEFCC11}.Debug|Any CPU.ActiveCfg = Debug|Any CPU
		{B2A68790-571A-4E91-91C4-FFBE8AEFCC11}.Debug|Any CPU.Build.0 = Debug|Any CPU
		{B2A68790-571A-4E91-91C4-FFBE8AEFCC11}.Release|Any CPU.ActiveCfg = Release|Any CPU
		{B2A68790-571A-4E91-91C4-FFBE8AEFCC11}.Release|Any CPU.Build.0 = Release|Any CPU
	EndGlobalSection
	GlobalSection(SolutionProperties) = preSolution
		HideSolutionNode = FALSE
	EndGlobalSection
	GlobalSection(ExtensibilityGlobals) = postSolution
		SolutionGuid = {39970F85-4600-4F0D-8113-1F276BCA833F}
	EndGlobalSection
EndGlobal
