
Microsoft Visual Studio Solution File, Format Version 12.00
# Visual Studio 2017
Project("{FAE04EC0-301F-11D3-BF4B-00C04F79EFBC}") = "ClientTest.Plugins", "ClientTest.Plugins.csproj", "{810DC7B1-9AD6-8EA1-F57B-A908D4887860}"
EndProject
Project("{FAE04EC0-301F-11D3-BF4B-00C04F79EFBC}") = "ClientTest", "ClientTest.csproj", "{6F6175E3-9F6E-EFA4-0B76-8EECD59D58E1}"
EndProject
Project("{FAE04EC0-301F-11D3-BF4B-00C04F79EFBC}") = "ClientTest.Editor.Plugins", "ClientTest.Editor.Plugins.csproj", "{C7890F25-5826-7F98-F0D0-380E812216DC}"
EndProject
Global
	GlobalSection(SolutionConfigurationPlatforms) = preSolution
		Debug|Any CPU = Debug|Any CPU
		Release|Any CPU = Release|Any CPU
	EndGlobalSection
	GlobalSection(ProjectConfigurationPlatforms) = postSolution
		{810DC7B1-9AD6-8EA1-F57B-A908D4887860}.Debug|Any CPU.ActiveCfg = Debug|Any CPU
		{810DC7B1-9AD6-8EA1-F57B-A908D4887860}.Debug|Any CPU.Build.0 = Debug|Any CPU
		{810DC7B1-9AD6-8EA1-F57B-A908D4887860}.Release|Any CPU.ActiveCfg = Release|Any CPU
		{810DC7B1-9AD6-8EA1-F57B-A908D4887860}.Release|Any CPU.Build.0 = Release|Any CPU
		{6F6175E3-9F6E-EFA4-0B76-8EECD59D58E1}.Debug|Any CPU.ActiveCfg = Debug|Any CPU
		{6F6175E3-9F6E-EFA4-0B76-8EECD59D58E1}.Debug|Any CPU.Build.0 = Debug|Any CPU
		{6F6175E3-9F6E-EFA4-0B76-8EECD59D58E1}.Release|Any CPU.ActiveCfg = Release|Any CPU
		{6F6175E3-9F6E-EFA4-0B76-8EECD59D58E1}.Release|Any CPU.Build.0 = Release|Any CPU
		{C7890F25-5826-7F98-F0D0-380E812216DC}.Debug|Any CPU.ActiveCfg = Debug|Any CPU
		{C7890F25-5826-7F98-F0D0-380E812216DC}.Debug|Any CPU.Build.0 = Debug|Any CPU
		{C7890F25-5826-7F98-F0D0-380E812216DC}.Release|Any CPU.ActiveCfg = Release|Any CPU
		{C7890F25-5826-7F98-F0D0-380E812216DC}.Release|Any CPU.Build.0 = Release|Any CPU
	EndGlobalSection
	GlobalSection(SolutionProperties) = preSolution
		HideSolutionNode = FALSE
	EndGlobalSection
EndGlobal
